
Microsoft Visual Studio Solution File, Format Version 12.00
# Visual Studio 15
VisualStudioVersion = 15.0.27130.2027
MinimumVisualStudioVersion = 10.0.40219.1
Project("{FAE04EC0-301F-11D3-BF4B-00C04F79EFBC}") = "serviceKud", "serviceKud\serviceKud.csproj", "{C1892172-94E3-4F60-AF64-089CACC67D94}"
EndProject
Project("{FAE04EC0-301F-11D3-BF4B-00C04F79EFBC}") = "CustomerServices", "CustomerServices\CustomerServices.csproj", "{A4A4D0E3-DA2B-4AA4-AA0A-3D817C60A82D}"
EndProject
Global
	GlobalSection(SolutionConfigurationPlatforms) = preSolution
		Debug|Any CPU = Debug|Any CPU
		Release|Any CPU = Release|Any CPU
	EndGlobalSection
	GlobalSection(ProjectConfigurationPlatforms) = postSolution
		{C1892172-94E3-4F60-AF64-089CACC67D94}.Debug|Any CPU.ActiveCfg = Debug|Any CPU
		{C1892172-94E3-4F60-AF64-089CACC67D94}.Debug|Any CPU.Build.0 = Debug|Any CPU
		{C1892172-94E3-4F60-AF64-089CACC67D94}.Release|Any CPU.ActiveCfg = Release|Any CPU
		{C1892172-94E3-4F60-AF64-089CACC67D94}.Release|Any CPU.Build.0 = Release|Any CPU
		{A4A4D0E3-DA2B-4AA4-AA0A-3D817C60A82D}.Debug|Any CPU.ActiveCfg = Debug|Any CPU
		{A4A4D0E3-DA2B-4AA4-AA0A-3D817C60A82D}.Debug|Any CPU.Build.0 = Debug|Any CPU
		{A4A4D0E3-DA2B-4AA4-AA0A-3D817C60A82D}.Release|Any CPU.ActiveCfg = Release|Any CPU
		{A4A4D0E3-DA2B-4AA4-AA0A-3D817C60A82D}.Release|Any CPU.Build.0 = Release|Any CPU
	EndGlobalSection
	GlobalSection(SolutionProperties) = preSolution
		HideSolutionNode = FALSE
	EndGlobalSection
	GlobalSection(ExtensibilityGlobals) = postSolution
		SolutionGuid = {C180032E-537A-41FF-A89C-1E218DB40735}
	EndGlobalSection
EndGlobal
